
Microsoft Visual Studio Solution File, Format Version 12.00
# Visual Studio Version 16
VisualStudioVersion = 16.0.32106.194
MinimumVisualStudioVersion = 10.0.40219.1
Project("{2150E333-8FDC-42A3-9474-1A3956D46DE8}") = "Services", "Services", "{BC8A2505-F4E1-434C-8E09-461EBBBF0928}"
EndProject
Project("{2150E333-8FDC-42A3-9474-1A3956D46DE8}") = "Catalog.API", "Catalog.API", "{F7CAB734-D30F-4042-ADE8-E8B3FF1FE6B2}"
EndProject
Project("{9A19103F-16F7-4668-BE54-9A1E7A4F7556}") = "Catalog.API.Services", "Catalog.API\Catalog.API.Services\Catalog.API.Services.csproj", "{278E810F-171C-43A8-8AAB-53C874C9938F}"
EndProject
Project("{FAE04EC0-301F-11D3-BF4B-00C04F79EFBC}") = "Catalog.API.Model", "Catalog.API\Catalog.API.Model\Catalog.API.Model.csproj", "{95B851B6-D2E7-4916-970E-338B31D55D05}"
EndProject
Project("{FAE04EC0-301F-11D3-BF4B-00C04F79EFBC}") = "Catalog.API.DAL", "Catalog.API\Catalog.API.DAL\Catalog.API.DAL.csproj", "{B2E25355-781B-464E-872F-D4702C1247CE}"
EndProject
Project("{FAE04EC0-301F-11D3-BF4B-00C04F79EFBC}") = "Catalog.API.Helpers", "Catalog.API\Catalog.API.Helpers\Catalog.API.Helpers.csproj", "{3CB16815-D39E-4491-A7D4-A767C58E9877}"
EndProject
Project("{FAE04EC0-301F-11D3-BF4B-00C04F79EFBC}") = "Catalog.API.BLL", "Catalog.API\Product.API.BLL\Catalog.API.BLL\Catalog.API.BLL.csproj", "{594C497D-4D82-40B8-8CDF-855DF649546B}"
EndProject
Project("{E53339B2-1760-4266-BCC7-CA923CBCF16C}") = "docker-compose", "docker-compose.dcproj", "{85049CFB-E3AD-4331-9E19-9F2336707004}"
EndProject
Global
	GlobalSection(SolutionConfigurationPlatforms) = preSolution
		Debug|Any CPU = Debug|Any CPU
		Release|Any CPU = Release|Any CPU
	EndGlobalSection
	GlobalSection(ProjectConfigurationPlatforms) = postSolution
		{278E810F-171C-43A8-8AAB-53C874C9938F}.Debug|Any CPU.ActiveCfg = Debug|Any CPU
		{278E810F-171C-43A8-8AAB-53C874C9938F}.Debug|Any CPU.Build.0 = Debug|Any CPU
		{278E810F-171C-43A8-8AAB-53C874C9938F}.Release|Any CPU.ActiveCfg = Release|Any CPU
		{278E810F-171C-43A8-8AAB-53C874C9938F}.Release|Any CPU.Build.0 = Release|Any CPU
		{95B851B6-D2E7-4916-970E-338B31D55D05}.Debug|Any CPU.ActiveCfg = Debug|Any CPU
		{95B851B6-D2E7-4916-970E-338B31D55D05}.Debug|Any CPU.Build.0 = Debug|Any CPU
		{95B851B6-D2E7-4916-970E-338B31D55D05}.Release|Any CPU.ActiveCfg = Release|Any CPU
		{95B851B6-D2E7-4916-970E-338B31D55D05}.Release|Any CPU.Build.0 = Release|Any CPU
		{B2E25355-781B-464E-872F-D4702C1247CE}.Debug|Any CPU.ActiveCfg = Debug|Any CPU
		{B2E25355-781B-464E-872F-D4702C1247CE}.Debug|Any CPU.Build.0 = Debug|Any CPU
		{B2E25355-781B-464E-872F-D4702C1247CE}.Release|Any CPU.ActiveCfg = Release|Any CPU
		{B2E25355-781B-464E-872F-D4702C1247CE}.Release|Any CPU.Build.0 = Release|Any CPU
		{3CB16815-D39E-4491-A7D4-A767C58E9877}.Debug|Any CPU.ActiveCfg = Debug|Any CPU
		{3CB16815-D39E-4491-A7D4-A767C58E9877}.Debug|Any CPU.Build.0 = Debug|Any CPU
		{3CB16815-D39E-4491-A7D4-A767C58E9877}.Release|Any CPU.ActiveCfg = Release|Any CPU
		{3CB16815-D39E-4491-A7D4-A767C58E9877}.Release|Any CPU.Build.0 = Release|Any CPU
		{594C497D-4D82-40B8-8CDF-855DF649546B}.Debug|Any CPU.ActiveCfg = Debug|Any CPU
		{594C497D-4D82-40B8-8CDF-855DF649546B}.Debug|Any CPU.Build.0 = Debug|Any CPU
		{594C497D-4D82-40B8-8CDF-855DF649546B}.Release|Any CPU.ActiveCfg = Release|Any CPU
		{594C497D-4D82-40B8-8CDF-855DF649546B}.Release|Any CPU.Build.0 = Release|Any CPU
		{85049CFB-E3AD-4331-9E19-9F2336707004}.Debug|Any CPU.ActiveCfg = Debug|Any CPU
		{85049CFB-E3AD-4331-9E19-9F2336707004}.Debug|Any CPU.Build.0 = Debug|Any CPU
		{85049CFB-E3AD-4331-9E19-9F2336707004}.Release|Any CPU.ActiveCfg = Release|Any CPU
		{85049CFB-E3AD-4331-9E19-9F2336707004}.Release|Any CPU.Build.0 = Release|Any CPU
	EndGlobalSection
	GlobalSection(SolutionProperties) = preSolution
		HideSolutionNode = FALSE
	EndGlobalSection
	GlobalSection(NestedProjects) = preSolution
		{F7CAB734-D30F-4042-ADE8-E8B3FF1FE6B2} = {BC8A2505-F4E1-434C-8E09-461EBBBF0928}
		{278E810F-171C-43A8-8AAB-53C874C9938F} = {F7CAB734-D30F-4042-ADE8-E8B3FF1FE6B2}
		{95B851B6-D2E7-4916-970E-338B31D55D05} = {F7CAB734-D30F-4042-ADE8-E8B3FF1FE6B2}
		{B2E25355-781B-464E-872F-D4702C1247CE} = {F7CAB734-D30F-4042-ADE8-E8B3FF1FE6B2}
		{3CB16815-D39E-4491-A7D4-A767C58E9877} = {F7CAB734-D30F-4042-ADE8-E8B3FF1FE6B2}
		{594C497D-4D82-40B8-8CDF-855DF649546B} = {F7CAB734-D30F-4042-ADE8-E8B3FF1FE6B2}
	EndGlobalSection
	GlobalSection(ExtensibilityGlobals) = postSolution
		SolutionGuid = {C2C68286-4CCB-40D4-8D9D-9D5977D55301}
	EndGlobalSection
EndGlobal
