
Microsoft Visual Studio Solution File, Format Version 12.00
# Visual Studio Version 16
VisualStudioVersion = 16.0.32106.194
MinimumVisualStudioVersion = 10.0.40219.1
Project("{2150E333-8FDC-42A3-9474-1A3956D46DE8}") = "Services", "Services", "{BC8A2505-F4E1-434C-8E09-461EBBBF0928}"
EndProject
Project("{E53339B2-1760-4266-BCC7-CA923CBCF16C}") = "docker-compose", "docker-compose.dcproj", "{85049CFB-E3AD-4331-9E19-9F2336707004}"
EndProject
Project("{2150E333-8FDC-42A3-9474-1A3956D46DE8}") = "ApiGateways", "ApiGateways", "{3A619759-897D-4BEA-AFBB-AF4B95BE987B}"
EndProject
Project("{2150E333-8FDC-42A3-9474-1A3956D46DE8}") = "Catalog.API", "Catalog.API", "{4B516518-F60D-4214-BE7A-70C6E8357844}"
EndProject
Project("{9A19103F-16F7-4668-BE54-9A1E7A4F7556}") = "Catalog.API.BLL", "Services\Catalog.API\Catalog.API.BLL\Catalog.API.BLL.csproj", "{5287B2A4-F86F-47B1-A687-BF06530623F0}"
EndProject
Project("{9A19103F-16F7-4668-BE54-9A1E7A4F7556}") = "Catalog.API.DAL", "Services\Catalog.API\Catalog.API.DAL\Catalog.API.DAL.csproj", "{09D99241-F174-4FEB-97FB-9D5CF1AF591D}"
EndProject
Project("{9A19103F-16F7-4668-BE54-9A1E7A4F7556}") = "Catalog.API.Helpers", "Services\Catalog.API\Catalog.API.Helpers\Catalog.API.Helpers.csproj", "{57260D3C-372C-4B3C-BF47-C179E9935E87}"
EndProject
Project("{9A19103F-16F7-4668-BE54-9A1E7A4F7556}") = "Catalog.API.Model", "Services\Catalog.API\Catalog.API.Model\Catalog.API.Model.csproj", "{A03646E3-F0A4-4629-894D-261A895CBC9E}"
EndProject
Project("{9A19103F-16F7-4668-BE54-9A1E7A4F7556}") = "Catalog.API.Services", "Services\Catalog.API\Catalog.API.Services\Catalog.API.Services.csproj", "{25311A13-30E6-41B9-83E9-813E38749824}"
EndProject
Project("{9A19103F-16F7-4668-BE54-9A1E7A4F7556}") = "OcelotApiGateway", "ApiGateways\OcelotApiGateway\OcelotApiGateway.csproj", "{C51749B9-9090-410B-877F-AE05B38632FA}"
EndProject
Project("{2150E333-8FDC-42A3-9474-1A3956D46DE8}") = "BuildingBlocks", "BuildingBlocks", "{C557165F-5024-41B2-AA9D-8DADD46B39F2}"
EndProject
Project("{9A19103F-16F7-4668-BE54-9A1E7A4F7556}") = "Common.Logging", "BuildingBlocks\Common.Logging\Common.Logging.csproj", "{2D01B1D7-EA8B-4AAD-92E1-2BE1EFADE772}"
EndProject
Project("{2150E333-8FDC-42A3-9474-1A3956D46DE8}") = "WebApps", "WebApps", "{D28BFF18-AEED-4F12-8809-CD792C295610}"
EndProject
Project("{9A19103F-16F7-4668-BE54-9A1E7A4F7556}") = "WebStatus", "WebApps\WebStatus\WebStatus.csproj", "{B1E13CBD-9ED6-416A-A495-08B6C2370E04}"
EndProject
Project("{2150E333-8FDC-42A3-9474-1A3956D46DE8}") = "IdentityServer", "IdentityServer", "{3BD86D1A-493D-471C-B37E-18A8C66585C0}"
EndProject
Project("{9A19103F-16F7-4668-BE54-9A1E7A4F7556}") = "IdentityServer", "IdentityServer\IdentityServer\IdentityServer.csproj", "{3C7D3868-CA78-4F02-9EA6-D96D49ADEC96}"
EndProject
Project("{9A19103F-16F7-4668-BE54-9A1E7A4F7556}") = "Common.Exceptions", "BuildingBlocks\Common.Exceptions\Common.Exceptions.csproj", "{620ADFCB-8FB6-43FD-A3AF-95055EA3134C}"
EndProject
Project("{2150E333-8FDC-42A3-9474-1A3956D46DE8}") = "Catalog.API.Tests", "Catalog.API.Tests", "{1A297C3F-5A2D-4587-B48F-AAD74B7DD264}"
EndProject
Project("{FAE04EC0-301F-11D3-BF4B-00C04F79EFBC}") = "Catalog.API.IntegrationTests", "Services\Catalog.API.Tests\Catalog.API.IntegrationTests\Catalog.API.IntegrationTests.csproj", "{5DF42EB0-AB4B-453B-BADE-1A50D2B5292D}"
EndProject
Global
	GlobalSection(SolutionConfigurationPlatforms) = preSolution
		Debug|Any CPU = Debug|Any CPU
		Release|Any CPU = Release|Any CPU
	EndGlobalSection
	GlobalSection(ProjectConfigurationPlatforms) = postSolution
		{85049CFB-E3AD-4331-9E19-9F2336707004}.Debug|Any CPU.ActiveCfg = Debug|Any CPU
		{85049CFB-E3AD-4331-9E19-9F2336707004}.Debug|Any CPU.Build.0 = Debug|Any CPU
		{85049CFB-E3AD-4331-9E19-9F2336707004}.Release|Any CPU.ActiveCfg = Release|Any CPU
		{85049CFB-E3AD-4331-9E19-9F2336707004}.Release|Any CPU.Build.0 = Release|Any CPU
		{5287B2A4-F86F-47B1-A687-BF06530623F0}.Debug|Any CPU.ActiveCfg = Debug|Any CPU
		{5287B2A4-F86F-47B1-A687-BF06530623F0}.Debug|Any CPU.Build.0 = Debug|Any CPU
		{5287B2A4-F86F-47B1-A687-BF06530623F0}.Release|Any CPU.ActiveCfg = Release|Any CPU
		{5287B2A4-F86F-47B1-A687-BF06530623F0}.Release|Any CPU.Build.0 = Release|Any CPU
		{09D99241-F174-4FEB-97FB-9D5CF1AF591D}.Debug|Any CPU.ActiveCfg = Debug|Any CPU
		{09D99241-F174-4FEB-97FB-9D5CF1AF591D}.Debug|Any CPU.Build.0 = Debug|Any CPU
		{09D99241-F174-4FEB-97FB-9D5CF1AF591D}.Release|Any CPU.ActiveCfg = Release|Any CPU
		{09D99241-F174-4FEB-97FB-9D5CF1AF591D}.Release|Any CPU.Build.0 = Release|Any CPU
		{57260D3C-372C-4B3C-BF47-C179E9935E87}.Debug|Any CPU.ActiveCfg = Debug|Any CPU
		{57260D3C-372C-4B3C-BF47-C179E9935E87}.Debug|Any CPU.Build.0 = Debug|Any CPU
		{57260D3C-372C-4B3C-BF47-C179E9935E87}.Release|Any CPU.ActiveCfg = Release|Any CPU
		{57260D3C-372C-4B3C-BF47-C179E9935E87}.Release|Any CPU.Build.0 = Release|Any CPU
		{A03646E3-F0A4-4629-894D-261A895CBC9E}.Debug|Any CPU.ActiveCfg = Debug|Any CPU
		{A03646E3-F0A4-4629-894D-261A895CBC9E}.Debug|Any CPU.Build.0 = Debug|Any CPU
		{A03646E3-F0A4-4629-894D-261A895CBC9E}.Release|Any CPU.ActiveCfg = Release|Any CPU
		{A03646E3-F0A4-4629-894D-261A895CBC9E}.Release|Any CPU.Build.0 = Release|Any CPU
		{25311A13-30E6-41B9-83E9-813E38749824}.Debug|Any CPU.ActiveCfg = Debug|Any CPU
		{25311A13-30E6-41B9-83E9-813E38749824}.Debug|Any CPU.Build.0 = Debug|Any CPU
		{25311A13-30E6-41B9-83E9-813E38749824}.Release|Any CPU.ActiveCfg = Release|Any CPU
		{25311A13-30E6-41B9-83E9-813E38749824}.Release|Any CPU.Build.0 = Release|Any CPU
		{C51749B9-9090-410B-877F-AE05B38632FA}.Debug|Any CPU.ActiveCfg = Debug|Any CPU
		{C51749B9-9090-410B-877F-AE05B38632FA}.Debug|Any CPU.Build.0 = Debug|Any CPU
		{C51749B9-9090-410B-877F-AE05B38632FA}.Release|Any CPU.ActiveCfg = Release|Any CPU
		{C51749B9-9090-410B-877F-AE05B38632FA}.Release|Any CPU.Build.0 = Release|Any CPU
		{2D01B1D7-EA8B-4AAD-92E1-2BE1EFADE772}.Debug|Any CPU.ActiveCfg = Debug|Any CPU
		{2D01B1D7-EA8B-4AAD-92E1-2BE1EFADE772}.Debug|Any CPU.Build.0 = Debug|Any CPU
		{2D01B1D7-EA8B-4AAD-92E1-2BE1EFADE772}.Release|Any CPU.ActiveCfg = Release|Any CPU
		{2D01B1D7-EA8B-4AAD-92E1-2BE1EFADE772}.Release|Any CPU.Build.0 = Release|Any CPU
		{B1E13CBD-9ED6-416A-A495-08B6C2370E04}.Debug|Any CPU.ActiveCfg = Debug|Any CPU
		{B1E13CBD-9ED6-416A-A495-08B6C2370E04}.Debug|Any CPU.Build.0 = Debug|Any CPU
		{B1E13CBD-9ED6-416A-A495-08B6C2370E04}.Release|Any CPU.ActiveCfg = Release|Any CPU
		{B1E13CBD-9ED6-416A-A495-08B6C2370E04}.Release|Any CPU.Build.0 = Release|Any CPU
		{3C7D3868-CA78-4F02-9EA6-D96D49ADEC96}.Debug|Any CPU.ActiveCfg = Debug|Any CPU
		{3C7D3868-CA78-4F02-9EA6-D96D49ADEC96}.Debug|Any CPU.Build.0 = Debug|Any CPU
		{3C7D3868-CA78-4F02-9EA6-D96D49ADEC96}.Release|Any CPU.ActiveCfg = Release|Any CPU
		{3C7D3868-CA78-4F02-9EA6-D96D49ADEC96}.Release|Any CPU.Build.0 = Release|Any CPU
		{620ADFCB-8FB6-43FD-A3AF-95055EA3134C}.Debug|Any CPU.ActiveCfg = Debug|Any CPU
		{620ADFCB-8FB6-43FD-A3AF-95055EA3134C}.Debug|Any CPU.Build.0 = Debug|Any CPU
		{620ADFCB-8FB6-43FD-A3AF-95055EA3134C}.Release|Any CPU.ActiveCfg = Release|Any CPU
		{620ADFCB-8FB6-43FD-A3AF-95055EA3134C}.Release|Any CPU.Build.0 = Release|Any CPU
		{5DF42EB0-AB4B-453B-BADE-1A50D2B5292D}.Debug|Any CPU.ActiveCfg = Debug|Any CPU
		{5DF42EB0-AB4B-453B-BADE-1A50D2B5292D}.Debug|Any CPU.Build.0 = Debug|Any CPU
		{5DF42EB0-AB4B-453B-BADE-1A50D2B5292D}.Release|Any CPU.ActiveCfg = Release|Any CPU
		{5DF42EB0-AB4B-453B-BADE-1A50D2B5292D}.Release|Any CPU.Build.0 = Release|Any CPU
	EndGlobalSection
	GlobalSection(SolutionProperties) = preSolution
		HideSolutionNode = FALSE
	EndGlobalSection
	GlobalSection(NestedProjects) = preSolution
		{4B516518-F60D-4214-BE7A-70C6E8357844} = {BC8A2505-F4E1-434C-8E09-461EBBBF0928}
		{5287B2A4-F86F-47B1-A687-BF06530623F0} = {4B516518-F60D-4214-BE7A-70C6E8357844}
		{09D99241-F174-4FEB-97FB-9D5CF1AF591D} = {4B516518-F60D-4214-BE7A-70C6E8357844}
		{57260D3C-372C-4B3C-BF47-C179E9935E87} = {4B516518-F60D-4214-BE7A-70C6E8357844}
		{A03646E3-F0A4-4629-894D-261A895CBC9E} = {4B516518-F60D-4214-BE7A-70C6E8357844}
		{25311A13-30E6-41B9-83E9-813E38749824} = {4B516518-F60D-4214-BE7A-70C6E8357844}
		{C51749B9-9090-410B-877F-AE05B38632FA} = {3A619759-897D-4BEA-AFBB-AF4B95BE987B}
		{2D01B1D7-EA8B-4AAD-92E1-2BE1EFADE772} = {C557165F-5024-41B2-AA9D-8DADD46B39F2}
		{B1E13CBD-9ED6-416A-A495-08B6C2370E04} = {D28BFF18-AEED-4F12-8809-CD792C295610}
		{3C7D3868-CA78-4F02-9EA6-D96D49ADEC96} = {3BD86D1A-493D-471C-B37E-18A8C66585C0}
		{620ADFCB-8FB6-43FD-A3AF-95055EA3134C} = {C557165F-5024-41B2-AA9D-8DADD46B39F2}
		{1A297C3F-5A2D-4587-B48F-AAD74B7DD264} = {BC8A2505-F4E1-434C-8E09-461EBBBF0928}
		{5DF42EB0-AB4B-453B-BADE-1A50D2B5292D} = {1A297C3F-5A2D-4587-B48F-AAD74B7DD264}
	EndGlobalSection
	GlobalSection(ExtensibilityGlobals) = postSolution
		SolutionGuid = {C2C68286-4CCB-40D4-8D9D-9D5977D55301}
	EndGlobalSection
EndGlobal
