
Microsoft Visual Studio Solution File, Format Version 12.00
# Visual Studio Version 16
VisualStudioVersion = 16.0.32126.315
MinimumVisualStudioVersion = 10.0.40219.1
Project("{2150E333-8FDC-42A3-9474-1A3956D46DE8}") = "Services", "Services", "{F2309AF4-A942-4CB3-ACC1-70F80CF4A323}"
EndProject
Project("{2150E333-8FDC-42A3-9474-1A3956D46DE8}") = "Catalog.API", "Catalog.API", "{4205E476-D97B-44FA-81A7-F748C7635B9F}"
EndProject
Project("{2150E333-8FDC-42A3-9474-1A3956D46DE8}") = "ApiGateways", "ApiGateways", "{5A6DD563-A4B0-41BE-9A07-BDDDA70BB202}"
EndProject
Project("{2150E333-8FDC-42A3-9474-1A3956D46DE8}") = "BuildingBlocks", "BuildingBlocks", "{698D9202-CDC4-404D-9B6E-ABABEF885C9A}"
EndProject
Project("{2150E333-8FDC-42A3-9474-1A3956D46DE8}") = "IdentityServer", "IdentityServer", "{9450755D-DC3D-4721-95A2-86C7A84250F2}"
EndProject
Project("{FAE04EC0-301F-11D3-BF4B-00C04F79EFBC}") = "Catalog.API.WebApi", "Services\Catalog.API\Catalog.API.WebApi\Catalog.API.WebApi.csproj", "{8A60D0EC-5B25-4120-ADC0-619568DBA8C7}"
EndProject
Project("{FAE04EC0-301F-11D3-BF4B-00C04F79EFBC}") = "Catalog.API.Application", "Services\Catalog.API\Catalog.API.Application\Catalog.API.Application.csproj", "{04B6EA30-8553-4179-B742-7AF715E59E16}"
EndProject
Project("{FAE04EC0-301F-11D3-BF4B-00C04F79EFBC}") = "Catalog.API.Core", "Services\Catalog.API\Catalog.API.Core\Catalog.API.Core.csproj", "{AA833701-E14D-4A4A-A7BB-FAE8F68A2DAC}"
EndProject
Project("{FAE04EC0-301F-11D3-BF4B-00C04F79EFBC}") = "Catalog.API.DataAccess", "Services\Catalog.API\Catalog.API.DataAccess\Catalog.API.DataAccess.csproj", "{A1A9191A-7B0E-4E46-81CF-3DA605050928}"
EndProject
Project("{FAE04EC0-301F-11D3-BF4B-00C04F79EFBC}") = "Catalog.API.Shared", "Services\Catalog.API\Catalog.API.Shared\Catalog.API.Shared.csproj", "{D39AEC84-A2D4-4D7B-B1D7-B292D0CF9C99}"
EndProject
Project("{FAE04EC0-301F-11D3-BF4B-00C04F79EFBC}") = "Common.Logging", "BuildingBlocks\Common.Logging\Common.Logging.csproj", "{9FCC3C79-F194-4555-974C-26F1FB2339D1}"
EndProject
Project("{2150E333-8FDC-42A3-9474-1A3956D46DE8}") = "WebApps", "WebApps", "{9F229700-6060-4792-A30D-8A67D3809394}"
EndProject
Project("{FAE04EC0-301F-11D3-BF4B-00C04F79EFBC}") = "WebStatus", "WebApps\WebStatus\WebStatus.csproj", "{2FD62E53-F008-4C6E-A0AD-03FCF7115039}"
EndProject
Project("{FAE04EC0-301F-11D3-BF4B-00C04F79EFBC}") = "OcelotApiGateway", "ApiGateways\OcelotApiGateway\OcelotApiGateway.csproj", "{653ED1C8-6080-4765-893A-C8F79B7E4DB6}"
EndProject
Project("{E53339B2-1760-4266-BCC7-CA923CBCF16C}") = "docker-compose", "docker-compose.dcproj", "{37916EE9-F65F-4F51-A942-FE3E2182A46E}"
EndProject
Global
	GlobalSection(SolutionConfigurationPlatforms) = preSolution
		Debug|Any CPU = Debug|Any CPU
		Release|Any CPU = Release|Any CPU
	EndGlobalSection
	GlobalSection(ProjectConfigurationPlatforms) = postSolution
		{8A60D0EC-5B25-4120-ADC0-619568DBA8C7}.Debug|Any CPU.ActiveCfg = Debug|Any CPU
		{8A60D0EC-5B25-4120-ADC0-619568DBA8C7}.Debug|Any CPU.Build.0 = Debug|Any CPU
		{8A60D0EC-5B25-4120-ADC0-619568DBA8C7}.Release|Any CPU.ActiveCfg = Release|Any CPU
		{8A60D0EC-5B25-4120-ADC0-619568DBA8C7}.Release|Any CPU.Build.0 = Release|Any CPU
		{04B6EA30-8553-4179-B742-7AF715E59E16}.Debug|Any CPU.ActiveCfg = Debug|Any CPU
		{04B6EA30-8553-4179-B742-7AF715E59E16}.Debug|Any CPU.Build.0 = Debug|Any CPU
		{04B6EA30-8553-4179-B742-7AF715E59E16}.Release|Any CPU.ActiveCfg = Release|Any CPU
		{04B6EA30-8553-4179-B742-7AF715E59E16}.Release|Any CPU.Build.0 = Release|Any CPU
		{AA833701-E14D-4A4A-A7BB-FAE8F68A2DAC}.Debug|Any CPU.ActiveCfg = Debug|Any CPU
		{AA833701-E14D-4A4A-A7BB-FAE8F68A2DAC}.Debug|Any CPU.Build.0 = Debug|Any CPU
		{AA833701-E14D-4A4A-A7BB-FAE8F68A2DAC}.Release|Any CPU.ActiveCfg = Release|Any CPU
		{AA833701-E14D-4A4A-A7BB-FAE8F68A2DAC}.Release|Any CPU.Build.0 = Release|Any CPU
		{A1A9191A-7B0E-4E46-81CF-3DA605050928}.Debug|Any CPU.ActiveCfg = Debug|Any CPU
		{A1A9191A-7B0E-4E46-81CF-3DA605050928}.Debug|Any CPU.Build.0 = Debug|Any CPU
		{A1A9191A-7B0E-4E46-81CF-3DA605050928}.Release|Any CPU.ActiveCfg = Release|Any CPU
		{A1A9191A-7B0E-4E46-81CF-3DA605050928}.Release|Any CPU.Build.0 = Release|Any CPU
		{D39AEC84-A2D4-4D7B-B1D7-B292D0CF9C99}.Debug|Any CPU.ActiveCfg = Debug|Any CPU
		{D39AEC84-A2D4-4D7B-B1D7-B292D0CF9C99}.Debug|Any CPU.Build.0 = Debug|Any CPU
		{D39AEC84-A2D4-4D7B-B1D7-B292D0CF9C99}.Release|Any CPU.ActiveCfg = Release|Any CPU
		{D39AEC84-A2D4-4D7B-B1D7-B292D0CF9C99}.Release|Any CPU.Build.0 = Release|Any CPU
		{9FCC3C79-F194-4555-974C-26F1FB2339D1}.Debug|Any CPU.ActiveCfg = Debug|Any CPU
		{9FCC3C79-F194-4555-974C-26F1FB2339D1}.Debug|Any CPU.Build.0 = Debug|Any CPU
		{9FCC3C79-F194-4555-974C-26F1FB2339D1}.Release|Any CPU.ActiveCfg = Release|Any CPU
		{9FCC3C79-F194-4555-974C-26F1FB2339D1}.Release|Any CPU.Build.0 = Release|Any CPU
		{2FD62E53-F008-4C6E-A0AD-03FCF7115039}.Debug|Any CPU.ActiveCfg = Debug|Any CPU
		{2FD62E53-F008-4C6E-A0AD-03FCF7115039}.Debug|Any CPU.Build.0 = Debug|Any CPU
		{2FD62E53-F008-4C6E-A0AD-03FCF7115039}.Release|Any CPU.ActiveCfg = Release|Any CPU
		{2FD62E53-F008-4C6E-A0AD-03FCF7115039}.Release|Any CPU.Build.0 = Release|Any CPU
		{653ED1C8-6080-4765-893A-C8F79B7E4DB6}.Debug|Any CPU.ActiveCfg = Debug|Any CPU
		{653ED1C8-6080-4765-893A-C8F79B7E4DB6}.Debug|Any CPU.Build.0 = Debug|Any CPU
		{653ED1C8-6080-4765-893A-C8F79B7E4DB6}.Release|Any CPU.ActiveCfg = Release|Any CPU
		{653ED1C8-6080-4765-893A-C8F79B7E4DB6}.Release|Any CPU.Build.0 = Release|Any CPU
		{37916EE9-F65F-4F51-A942-FE3E2182A46E}.Debug|Any CPU.ActiveCfg = Debug|Any CPU
		{37916EE9-F65F-4F51-A942-FE3E2182A46E}.Debug|Any CPU.Build.0 = Debug|Any CPU
		{37916EE9-F65F-4F51-A942-FE3E2182A46E}.Release|Any CPU.ActiveCfg = Release|Any CPU
		{37916EE9-F65F-4F51-A942-FE3E2182A46E}.Release|Any CPU.Build.0 = Release|Any CPU
	EndGlobalSection
	GlobalSection(SolutionProperties) = preSolution
		HideSolutionNode = FALSE
	EndGlobalSection
	GlobalSection(NestedProjects) = preSolution
		{4205E476-D97B-44FA-81A7-F748C7635B9F} = {F2309AF4-A942-4CB3-ACC1-70F80CF4A323}
		{8A60D0EC-5B25-4120-ADC0-619568DBA8C7} = {4205E476-D97B-44FA-81A7-F748C7635B9F}
		{04B6EA30-8553-4179-B742-7AF715E59E16} = {4205E476-D97B-44FA-81A7-F748C7635B9F}
		{AA833701-E14D-4A4A-A7BB-FAE8F68A2DAC} = {4205E476-D97B-44FA-81A7-F748C7635B9F}
		{A1A9191A-7B0E-4E46-81CF-3DA605050928} = {4205E476-D97B-44FA-81A7-F748C7635B9F}
		{D39AEC84-A2D4-4D7B-B1D7-B292D0CF9C99} = {4205E476-D97B-44FA-81A7-F748C7635B9F}
		{9FCC3C79-F194-4555-974C-26F1FB2339D1} = {698D9202-CDC4-404D-9B6E-ABABEF885C9A}
		{2FD62E53-F008-4C6E-A0AD-03FCF7115039} = {9F229700-6060-4792-A30D-8A67D3809394}
		{653ED1C8-6080-4765-893A-C8F79B7E4DB6} = {5A6DD563-A4B0-41BE-9A07-BDDDA70BB202}
	EndGlobalSection
	GlobalSection(ExtensibilityGlobals) = postSolution
		SolutionGuid = {C4348E24-288B-442E-9E6E-2420CF89FB69}
	EndGlobalSection
EndGlobal
